// !$*UTF8*$!
{
	archiveVersion = 1;
	classes = {
	};
	objectVersion = 56;
	objects = {

/* Begin PBXBuildFile section */
		BC3B70852C8EBE5B0069CF0A /* SmartHomeMiniAppApp.swift in Sources */ = {isa = PBXBuildFile; fileRef = BC3B70842C8EBE5B0069CF0A /* SmartHomeMiniAppApp.swift */; };
		BC3B70872C8EBE5B0069CF0A /* ContentView.swift in Sources */ = {isa = PBXBuildFile; fileRef = BC3B70862C8EBE5B0069CF0A /* ContentView.swift */; };
		BC3B70892C8EBE5B0069CF0A /* Assets.xcassets in Resources */ = {isa = PBXBuildFile; fileRef = BC3B70882C8EBE5B0069CF0A /* Assets.xcassets */; };
		BC3B708C2C8EBE5B0069CF0A /* Preview Assets.xcassets in Resources */ = {isa = PBXBuildFile; fileRef = BC3B708B2C8EBE5B0069CF0A /* Preview Assets.xcassets */; };
		BC3B70952C8EBE8C0069CF0A /* HomeView.swift in Sources */ = {isa = PBXBuildFile; fileRef = BC3B70942C8EBE8C0069CF0A /* HomeView.swift */; };
		BC3B70982C8EC14F0069CF0A /* Model.swift in Sources */ = {isa = PBXBuildFile; fileRef = BC3B70972C8EC14F0069CF0A /* Model.swift */; };
		BC66359B2C91E67D007549B6 /* CustomTabBarView.swift in Sources */ = {isa = PBXBuildFile; fileRef = BC66359A2C91E67D007549B6 /* CustomTabBarView.swift */; };
		BC79B7512C95A32A00676CFB /* TabBarView.swift in Sources */ = {isa = PBXBuildFile; fileRef = BC79B7502C95A32A00676CFB /* TabBarView.swift */; };
		BC811F6B2C904855002EF4A0 /* ToggleView.swift in Sources */ = {isa = PBXBuildFile; fileRef = BC811F6A2C904855002EF4A0 /* ToggleView.swift */; };
		BCCAEDFD2C9457A000119EFD /* ViewRoom.swift in Sources */ = {isa = PBXBuildFile; fileRef = BCCAEDFC2C9457A000119EFD /* ViewRoom.swift */; };
/* End PBXBuildFile section */

/* Begin PBXFileReference section */
		BC3B70812C8EBE5A0069CF0A /* SmartHomeMiniApp.app */ = {isa = PBXFileReference; explicitFileType = wrapper.application; includeInIndex = 0; path = SmartHomeMiniApp.app; sourceTree = BUILT_PRODUCTS_DIR; };
		BC3B70842C8EBE5B0069CF0A /* SmartHomeMiniAppApp.swift */ = {isa = PBXFileReference; lastKnownFileType = sourcecode.swift; path = SmartHomeMiniAppApp.swift; sourceTree = "<group>"; };
		BC3B70862C8EBE5B0069CF0A /* ContentView.swift */ = {isa = PBXFileReference; lastKnownFileType = sourcecode.swift; path = ContentView.swift; sourceTree = "<group>"; };
		BC3B70882C8EBE5B0069CF0A /* Assets.xcassets */ = {isa = PBXFileReference; lastKnownFileType = folder.assetcatalog; path = Assets.xcassets; sourceTree = "<group>"; };
		BC3B708B2C8EBE5B0069CF0A /* Preview Assets.xcassets */ = {isa = PBXFileReference; lastKnownFileType = folder.assetcatalog; path = "Preview Assets.xcassets"; sourceTree = "<group>"; };
		BC3B70942C8EBE8C0069CF0A /* HomeView.swift */ = {isa = PBXFileReference; lastKnownFileType = sourcecode.swift; path = HomeView.swift; sourceTree = "<group>"; };
		BC3B70972C8EC14F0069CF0A /* Model.swift */ = {isa = PBXFileReference; lastKnownFileType = sourcecode.swift; path = Model.swift; sourceTree = "<group>"; };
		BC66359A2C91E67D007549B6 /* CustomTabBarView.swift */ = {isa = PBXFileReference; lastKnownFileType = sourcecode.swift; path = CustomTabBarView.swift; sourceTree = "<group>"; };
		BC79B7502C95A32A00676CFB /* TabBarView.swift */ = {isa = PBXFileReference; lastKnownFileType = sourcecode.swift; path = TabBarView.swift; sourceTree = "<group>"; };
		BC811F6A2C904855002EF4A0 /* ToggleView.swift */ = {isa = PBXFileReference; lastKnownFileType = sourcecode.swift; path = ToggleView.swift; sourceTree = "<group>"; };
		BCCAEDFC2C9457A000119EFD /* ViewRoom.swift */ = {isa = PBXFileReference; lastKnownFileType = sourcecode.swift; path = ViewRoom.swift; sourceTree = "<group>"; };
/* End PBXFileReference section */

/* Begin PBXFrameworksBuildPhase section */
		BC3B707E2C8EBE5A0069CF0A /* Frameworks */ = {
			isa = PBXFrameworksBuildPhase;
			buildActionMask = 2147483647;
			files = (
			);
			runOnlyForDeploymentPostprocessing = 0;
		};
/* End PBXFrameworksBuildPhase section */

/* Begin PBXGroup section */
		BC3B70782C8EBE5A0069CF0A = {
			isa = PBXGroup;
			children = (
				BC3B70832C8EBE5A0069CF0A /* SmartHomeMiniApp */,
				BC3B70822C8EBE5A0069CF0A /* Products */,
			);
			sourceTree = "<group>";
		};
		BC3B70822C8EBE5A0069CF0A /* Products */ = {
			isa = PBXGroup;
			children = (
				BC3B70812C8EBE5A0069CF0A /* SmartHomeMiniApp.app */,
			);
			name = Products;
			sourceTree = "<group>";
		};
		BC3B70832C8EBE5A0069CF0A /* SmartHomeMiniApp */ = {
			isa = PBXGroup;
			children = (
				BC3B70922C8EBE680069CF0A /* App */,
				BC3B70962C8EBE910069CF0A /* Model */,
				BC3B70932C8EBE740069CF0A /* Views */,
				BC3B70862C8EBE5B0069CF0A /* ContentView.swift */,
				BC3B70882C8EBE5B0069CF0A /* Assets.xcassets */,
				BC3B708A2C8EBE5B0069CF0A /* Preview Content */,
			);
			path = SmartHomeMiniApp;
			sourceTree = "<group>";
		};
		BC3B708A2C8EBE5B0069CF0A /* Preview Content */ = {
			isa = PBXGroup;
			children = (
				BC3B708B2C8EBE5B0069CF0A /* Preview Assets.xcassets */,
			);
			path = "Preview Content";
			sourceTree = "<group>";
		};
		BC3B70922C8EBE680069CF0A /* App */ = {
			isa = PBXGroup;
			children = (
				BC3B70842C8EBE5B0069CF0A /* SmartHomeMiniAppApp.swift */,
			);
			path = App;
			sourceTree = "<group>";
		};
		BC3B70932C8EBE740069CF0A /* Views */ = {
			isa = PBXGroup;
			children = (
				BC3B70992C8F6AB10069CF0A /* SupportViews */,
				BC3B70942C8EBE8C0069CF0A /* HomeView.swift */,
				BCCAEDFC2C9457A000119EFD /* ViewRoom.swift */,
				BC79B7502C95A32A00676CFB /* TabBarView.swift */,
			);
			path = Views;
			sourceTree = "<group>";
		};
		BC3B70962C8EBE910069CF0A /* Model */ = {
			isa = PBXGroup;
			children = (
				BC3B70972C8EC14F0069CF0A /* Model.swift */,
			);
			path = Model;
			sourceTree = "<group>";
		};
		BC3B70992C8F6AB10069CF0A /* SupportViews */ = {
			isa = PBXGroup;
			children = (
				BC811F6A2C904855002EF4A0 /* ToggleView.swift */,
				BC66359A2C91E67D007549B6 /* CustomTabBarView.swift */,
			);
			path = SupportViews;
			sourceTree = "<group>";
		};
/* End PBXGroup section */

/* Begin PBXNativeTarget section */
		BC3B70802C8EBE5A0069CF0A /* SmartHomeMiniApp */ = {
			isa = PBXNativeTarget;
			buildConfigurationList = BC3B708F2C8EBE5B0069CF0A /* Build configuration list for PBXNativeTarget "SmartHomeMiniApp" */;
			buildPhases = (
				BC3B707D2C8EBE5A0069CF0A /* Sources */,
				BC3B707E2C8EBE5A0069CF0A /* Frameworks */,
				BC3B707F2C8EBE5A0069CF0A /* Resources */,
			);
			buildRules = (
			);
			dependencies = (
			);
			name = SmartHomeMiniApp;
			productName = SmartHomeMiniApp;
			productReference = BC3B70812C8EBE5A0069CF0A /* SmartHomeMiniApp.app */;
			productType = "com.apple.product-type.application";
		};
/* End PBXNativeTarget section */

/* Begin PBXProject section */
		BC3B70792C8EBE5A0069CF0A /* Project object */ = {
			isa = PBXProject;
			attributes = {
				BuildIndependentTargetsInParallel = 1;
				LastSwiftUpdateCheck = 1540;
				LastUpgradeCheck = 1540;
				TargetAttributes = {
					BC3B70802C8EBE5A0069CF0A = {
						CreatedOnToolsVersion = 15.4;
					};
				};
			};
			buildConfigurationList = BC3B707C2C8EBE5A0069CF0A /* Build configuration list for PBXProject "SmartHomeMiniApp" */;
			compatibilityVersion = "Xcode 14.0";
			developmentRegion = en;
			hasScannedForEncodings = 0;
			knownRegions = (
				en,
				Base,
			);
			mainGroup = BC3B70782C8EBE5A0069CF0A;
			productRefGroup = BC3B70822C8EBE5A0069CF0A /* Products */;
			projectDirPath = "";
			projectRoot = "";
			targets = (
				BC3B70802C8EBE5A0069CF0A /* SmartHomeMiniApp */,
			);
		};
/* End PBXProject section */

/* Begin PBXResourcesBuildPhase section */
		BC3B707F2C8EBE5A0069CF0A /* Resources */ = {
			isa = PBXResourcesBuildPhase;
			buildActionMask = 2147483647;
			files = (
				BC3B708C2C8EBE5B0069CF0A /* Preview Assets.xcassets in Resources */,
				BC3B70892C8EBE5B0069CF0A /* Assets.xcassets in Resources */,
			);
			runOnlyForDeploymentPostprocessing = 0;
		};
/* End PBXResourcesBuildPhase section */

/* Begin PBXSourcesBuildPhase section */
		BC3B707D2C8EBE5A0069CF0A /* Sources */ = {
			isa = PBXSourcesBuildPhase;
			buildActionMask = 2147483647;
			files = (
				BC3B70952C8EBE8C0069CF0A /* HomeView.swift in Sources */,
				BC79B7512C95A32A00676CFB /* TabBarView.swift in Sources */,
				BC3B70872C8EBE5B0069CF0A /* ContentView.swift in Sources */,
				BC66359B2C91E67D007549B6 /* CustomTabBarView.swift in Sources */,
				BCCAEDFD2C9457A000119EFD /* ViewRoom.swift in Sources */,
				BC3B70852C8EBE5B0069CF0A /* SmartHomeMiniAppApp.swift in Sources */,
				BC811F6B2C904855002EF4A0 /* ToggleView.swift in Sources */,
				BC3B70982C8EC14F0069CF0A /* Model.swift in Sources */,
			);
			runOnlyForDeploymentPostprocessing = 0;
		};
/* End PBXSourcesBuildPhase section */

/* Begin XCBuildConfiguration section */
		BC3B708D2C8EBE5B0069CF0A /* Debug */ = {
			isa = XCBuildConfiguration;
			buildSettings = {
				ALWAYS_SEARCH_USER_PATHS = NO;
				ASSETCATALOG_COMPILER_GENERATE_SWIFT_ASSET_SYMBOL_EXTENSIONS = YES;
				CLANG_ANALYZER_NONNULL = YES;
				CLANG_ANALYZER_NUMBER_OBJECT_CONVERSION = YES_AGGRESSIVE;
				CLANG_CXX_LANGUAGE_STANDARD = "gnu++20";
				CLANG_ENABLE_MODULES = YES;
				CLANG_ENABLE_OBJC_ARC = YES;
				CLANG_ENABLE_OBJC_WEAK = YES;
				CLANG_WARN_BLOCK_CAPTURE_AUTORELEASING = YES;
				CLANG_WARN_BOOL_CONVERSION = YES;
				CLANG_WARN_COMMA = YES;
				CLANG_WARN_CONSTANT_CONVERSION = YES;
				CLANG_WARN_DEPRECATED_OBJC_IMPLEMENTATIONS = YES;
				CLANG_WARN_DIRECT_OBJC_ISA_USAGE = YES_ERROR;
				CLANG_WARN_DOCUMENTATION_COMMENTS = YES;
				CLANG_WARN_EMPTY_BODY = YES;
				CLANG_WARN_ENUM_CONVERSION = YES;
				CLANG_WARN_INFINITE_RECURSION = YES;
				CLANG_WARN_INT_CONVERSION = YES;
				CLANG_WARN_NON_LITERAL_NULL_CONVERSION = YES;
				CLANG_WARN_OBJC_IMPLICIT_RETAIN_SELF = YES;
				CLANG_WARN_OBJC_LITERAL_CONVERSION = YES;
				CLANG_WARN_OBJC_ROOT_CLASS = YES_ERROR;
				CLANG_WARN_QUOTED_INCLUDE_IN_FRAMEWORK_HEADER = YES;
				CLANG_WARN_RANGE_LOOP_ANALYSIS = YES;
				CLANG_WARN_STRICT_PROTOTYPES = YES;
				CLANG_WARN_SUSPICIOUS_MOVE = YES;
				CLANG_WARN_UNGUARDED_AVAILABILITY = YES_AGGRESSIVE;
				CLANG_WARN_UNREACHABLE_CODE = YES;
				CLANG_WARN__DUPLICATE_METHOD_MATCH = YES;
				COPY_PHASE_STRIP = NO;
				DEBUG_INFORMATION_FORMAT = dwarf;
				ENABLE_STRICT_OBJC_MSGSEND = YES;
				ENABLE_TESTABILITY = YES;
				ENABLE_USER_SCRIPT_SANDBOXING = YES;
				GCC_C_LANGUAGE_STANDARD = gnu17;
				GCC_DYNAMIC_NO_PIC = NO;
				GCC_NO_COMMON_BLOCKS = YES;
				GCC_OPTIMIZATION_LEVEL = 0;
				GCC_PREPROCESSOR_DEFINITIONS = (
					"DEBUG=1",
					"$(inherited)",
				);
				GCC_WARN_64_TO_32_BIT_CONVERSION = YES;
				GCC_WARN_ABOUT_RETURN_TYPE = YES_ERROR;
				GCC_WARN_UNDECLARED_SELECTOR = YES;
				GCC_WARN_UNINITIALIZED_AUTOS = YES_AGGRESSIVE;
				GCC_WARN_UNUSED_FUNCTION = YES;
				GCC_WARN_UNUSED_VARIABLE = YES;
				IPHONEOS_DEPLOYMENT_TARGET = 17.5;
				LOCALIZATION_PREFERS_STRING_CATALOGS = YES;
				MTL_ENABLE_DEBUG_INFO = INCLUDE_SOURCE;
				MTL_FAST_MATH = YES;
				ONLY_ACTIVE_ARCH = YES;
				SDKROOT = iphoneos;
				SWIFT_ACTIVE_COMPILATION_CONDITIONS = "DEBUG $(inherited)";
				SWIFT_OPTIMIZATION_LEVEL = "-Onone";
			};
			name = Debug;
		};
		BC3B708E2C8EBE5B0069CF0A /* Release */ = {
			isa = XCBuildConfiguration;
			buildSettings = {
				ALWAYS_SEARCH_USER_PATHS = NO;
				ASSETCATALOG_COMPILER_GENERATE_SWIFT_ASSET_SYMBOL_EXTENSIONS = YES;
				CLANG_ANALYZER_NONNULL = YES;
				CLANG_ANALYZER_NUMBER_OBJECT_CONVERSION = YES_AGGRESSIVE;
				CLANG_CXX_LANGUAGE_STANDARD = "gnu++20";
				CLANG_ENABLE_MODULES = YES;
				CLANG_ENABLE_OBJC_ARC = YES;
				CLANG_ENABLE_OBJC_WEAK = YES;
				CLANG_WARN_BLOCK_CAPTURE_AUTORELEASING = YES;
				CLANG_WARN_BOOL_CONVERSION = YES;
				CLANG_WARN_COMMA = YES;
				CLANG_WARN_CONSTANT_CONVERSION = YES;
				CLANG_WARN_DEPRECATED_OBJC_IMPLEMENTATIONS = YES;
				CLANG_WARN_DIRECT_OBJC_ISA_USAGE = YES_ERROR;
				CLANG_WARN_DOCUMENTATION_COMMENTS = YES;
				CLANG_WARN_EMPTY_BODY = YES;
				CLANG_WARN_ENUM_CONVERSION = YES;
				CLANG_WARN_INFINITE_RECURSION = YES;
				CLANG_WARN_INT_CONVERSION = YES;
				CLANG_WARN_NON_LITERAL_NULL_CONVERSION = YES;
				CLANG_WARN_OBJC_IMPLICIT_RETAIN_SELF = YES;
				CLANG_WARN_OBJC_LITERAL_CONVERSION = YES;
				CLANG_WARN_OBJC_ROOT_CLASS = YES_ERROR;
				CLANG_WARN_QUOTED_INCLUDE_IN_FRAMEWORK_HEADER = YES;
				CLANG_WARN_RANGE_LOOP_ANALYSIS = YES;
				CLANG_WARN_STRICT_PROTOTYPES = YES;
				CLANG_WARN_SUSPICIOUS_MOVE = YES;
				CLANG_WARN_UNGUARDED_AVAILABILITY = YES_AGGRESSIVE;
				CLANG_WARN_UNREACHABLE_CODE = YES;
				CLANG_WARN__DUPLICATE_METHOD_MATCH = YES;
				COPY_PHASE_STRIP = NO;
				DEBUG_INFORMATION_FORMAT = "dwarf-with-dsym";
				ENABLE_NS_ASSERTIONS = NO;
				ENABLE_STRICT_OBJC_MSGSEND = YES;
				ENABLE_USER_SCRIPT_SANDBOXING = YES;
				GCC_C_LANGUAGE_STANDARD = gnu17;
				GCC_NO_COMMON_BLOCKS = YES;
				GCC_WARN_64_TO_32_BIT_CONVERSION = YES;
				GCC_WARN_ABOUT_RETURN_TYPE = YES_ERROR;
				GCC_WARN_UNDECLARED_SELECTOR = YES;
				GCC_WARN_UNINITIALIZED_AUTOS = YES_AGGRESSIVE;
				GCC_WARN_UNUSED_FUNCTION = YES;
				GCC_WARN_UNUSED_VARIABLE = YES;
				IPHONEOS_DEPLOYMENT_TARGET = 17.5;
				LOCALIZATION_PREFERS_STRING_CATALOGS = YES;
				MTL_ENABLE_DEBUG_INFO = NO;
				MTL_FAST_MATH = YES;
				SDKROOT = iphoneos;
				SWIFT_COMPILATION_MODE = wholemodule;
				VALIDATE_PRODUCT = YES;
			};
			name = Release;
		};
		BC3B70902C8EBE5B0069CF0A /* Debug */ = {
			isa = XCBuildConfiguration;
			buildSettings = {
				ASSETCATALOG_COMPILER_APPICON_NAME = AppIcon;
				ASSETCATALOG_COMPILER_GLOBAL_ACCENT_COLOR_NAME = AccentColor;
				CODE_SIGN_STYLE = Automatic;
				CURRENT_PROJECT_VERSION = 1;
				DEVELOPMENT_ASSET_PATHS = "\"SmartHomeMiniApp/Preview Content\"";
				ENABLE_PREVIEWS = YES;
				GENERATE_INFOPLIST_FILE = YES;
				INFOPLIST_KEY_UIApplicationSceneManifest_Generation = YES;
				INFOPLIST_KEY_UIApplicationSupportsIndirectInputEvents = YES;
				INFOPLIST_KEY_UILaunchScreen_Generation = YES;
				INFOPLIST_KEY_UISupportedInterfaceOrientations_iPad = "UIInterfaceOrientationPortrait UIInterfaceOrientationPortraitUpsideDown UIInterfaceOrientationLandscapeLeft UIInterfaceOrientationLandscapeRight";
				INFOPLIST_KEY_UISupportedInterfaceOrientations_iPhone = "UIInterfaceOrientationPortrait UIInterfaceOrientationLandscapeLeft UIInterfaceOrientationLandscapeRight";
				LD_RUNPATH_SEARCH_PATHS = (
					"$(inherited)",
					"@executable_path/Frameworks",
				);
				MARKETING_VERSION = 1.0;
				PRODUCT_BUNDLE_IDENTIFIER = com.jamorn.SmartHomeMiniApp;
				PRODUCT_NAME = "$(TARGET_NAME)";
				SWIFT_EMIT_LOC_STRINGS = YES;
				SWIFT_VERSION = 5.0;
				TARGETED_DEVICE_FAMILY = "1,2";
			};
			name = Debug;
		};
		BC3B70912C8EBE5B0069CF0A /* Release */ = {
			isa = XCBuildConfiguration;
			buildSettings = {
				ASSETCATALOG_COMPILER_APPICON_NAME = AppIcon;
				ASSETCATALOG_COMPILER_GLOBAL_ACCENT_COLOR_NAME = AccentColor;
				CODE_SIGN_STYLE = Automatic;
				CURRENT_PROJECT_VERSION = 1;
				DEVELOPMENT_ASSET_PATHS = "\"SmartHomeMiniApp/Preview Content\"";
				ENABLE_PREVIEWS = YES;
				GENERATE_INFOPLIST_FILE = YES;
				INFOPLIST_KEY_UIApplicationSceneManifest_Generation = YES;
				INFOPLIST_KEY_UIApplicationSupportsIndirectInputEvents = YES;
				INFOPLIST_KEY_UILaunchScreen_Generation = YES;
				INFOPLIST_KEY_UISupportedInterfaceOrientations_iPad = "UIInterfaceOrientationPortrait UIInterfaceOrientationPortraitUpsideDown UIInterfaceOrientationLandscapeLeft UIInterfaceOrientationLandscapeRight";
				INFOPLIST_KEY_UISupportedInterfaceOrientations_iPhone = "UIInterfaceOrientationPortrait UIInterfaceOrientationLandscapeLeft UIInterfaceOrientationLandscapeRight";
				LD_RUNPATH_SEARCH_PATHS = (
					"$(inherited)",
					"@executable_path/Frameworks",
				);
				MARKETING_VERSION = 1.0;
				PRODUCT_BUNDLE_IDENTIFIER = com.jamorn.SmartHomeMiniApp;
				PRODUCT_NAME = "$(TARGET_NAME)";
				SWIFT_EMIT_LOC_STRINGS = YES;
				SWIFT_VERSION = 5.0;
				TARGETED_DEVICE_FAMILY = "1,2";
			};
			name = Release;
		};
/* End XCBuildConfiguration section */

/* Begin XCConfigurationList section */
		BC3B707C2C8EBE5A0069CF0A /* Build configuration list for PBXProject "SmartHomeMiniApp" */ = {
			isa = XCConfigurationList;
			buildConfigurations = (
				BC3B708D2C8EBE5B0069CF0A /* Debug */,
				BC3B708E2C8EBE5B0069CF0A /* Release */,
			);
			defaultConfigurationIsVisible = 0;
			defaultConfigurationName = Release;
		};
		BC3B708F2C8EBE5B0069CF0A /* Build configuration list for PBXNativeTarget "SmartHomeMiniApp" */ = {
			isa = XCConfigurationList;
			buildConfigurations = (
				BC3B70902C8EBE5B0069CF0A /* Debug */,
				BC3B70912C8EBE5B0069CF0A /* Release */,
			);
			defaultConfigurationIsVisible = 0;
			defaultConfigurationName = Release;
		};
/* End XCConfigurationList section */
	};
	rootObject = BC3B70792C8EBE5A0069CF0A /* Project object */;
}
